
Microsoft Visual Studio Solution File, Format Version 12.00
Project("{FAE04EC0-301F-11D3-BF4B-00C04F79EFBC}") = "OA.WebApi", "OA.WebApi\OA.WebApi.csproj", "{2F413677-1450-4962-A5E1-FB8E722D43E8}"
EndProject
Project("{FAE04EC0-301F-11D3-BF4B-00C04F79EFBC}") = "OA.Share", "OA.Share\OA.Share.csproj", "{B8534BCD-E1B5-4D13-9540-BD29B9E19B64}"
EndProject
Global
	GlobalSection(SolutionConfigurationPlatforms) = preSolution
		Debug|Any CPU = Debug|Any CPU
		Release|Any CPU = Release|Any CPU
	EndGlobalSection
	GlobalSection(ProjectConfigurationPlatforms) = postSolution
		{2F413677-1450-4962-A5E1-FB8E722D43E8}.Debug|Any CPU.ActiveCfg = Debug|Any CPU
		{2F413677-1450-4962-A5E1-FB8E722D43E8}.Debug|Any CPU.Build.0 = Debug|Any CPU
		{2F413677-1450-4962-A5E1-FB8E722D43E8}.Release|Any CPU.ActiveCfg = Release|Any CPU
		{2F413677-1450-4962-A5E1-FB8E722D43E8}.Release|Any CPU.Build.0 = Release|Any CPU
		{B8534BCD-E1B5-4D13-9540-BD29B9E19B64}.Debug|Any CPU.ActiveCfg = Debug|Any CPU
		{B8534BCD-E1B5-4D13-9540-BD29B9E19B64}.Debug|Any CPU.Build.0 = Debug|Any CPU
		{B8534BCD-E1B5-4D13-9540-BD29B9E19B64}.Release|Any CPU.ActiveCfg = Release|Any CPU
		{B8534BCD-E1B5-4D13-9540-BD29B9E19B64}.Release|Any CPU.Build.0 = Release|Any CPU
	EndGlobalSection
EndGlobal
